// !$*UTF8*$!
{
	archiveVersion = 1;
	classes = {
	};
	objectVersion = 50;
	objects = {

/* Begin PBXBuildFile section */
		181E42AE221C68000095E401 /* AppDelegate.swift in Sources */ = {isa = PBXBuildFile; fileRef = 181E42AD221C68000095E401 /* AppDelegate.swift */; };
		181E42B0221C68000095E401 /* ViewController.swift in Sources */ = {isa = PBXBuildFile; fileRef = 181E42AF221C68000095E401 /* ViewController.swift */; };
		181E42B3221C68000095E401 /* Main.storyboard in Resources */ = {isa = PBXBuildFile; fileRef = 181E42B1221C68000095E401 /* Main.storyboard */; };
		181E42B5221C68020095E401 /* Assets.xcassets in Resources */ = {isa = PBXBuildFile; fileRef = 181E42B4221C68020095E401 /* Assets.xcassets */; };
		181E42B8221C68020095E401 /* LaunchScreen.storyboard in Resources */ = {isa = PBXBuildFile; fileRef = 181E42B6221C68020095E401 /* LaunchScreen.storyboard */; };
		181E42C0221C6B1B0095E401 /* BaseService.swift in Sources */ = {isa = PBXBuildFile; fileRef = 181E42BF221C6B1B0095E401 /* BaseService.swift */; };
		181E42C3221C6E180095E401 /* Result.swift in Sources */ = {isa = PBXBuildFile; fileRef = 181E42C2221C6E180095E401 /* Result.swift */; };
		181E42C5221C6F490095E401 /* RequestProtocol.swift in Sources */ = {isa = PBXBuildFile; fileRef = 181E42C4221C6F490095E401 /* RequestProtocol.swift */; };
		181E42C7221C709B0095E401 /* BaseModel.swift in Sources */ = {isa = PBXBuildFile; fileRef = 181E42C6221C709B0095E401 /* BaseModel.swift */; };
		181E42CA221C71550095E401 /* Urls.swift in Sources */ = {isa = PBXBuildFile; fileRef = 181E42C9221C71550095E401 /* Urls.swift */; };
		181E42CD221C74600095E401 /* BaseError.swift in Sources */ = {isa = PBXBuildFile; fileRef = 181E42CC221C74600095E401 /* BaseError.swift */; };
		181E42D1221C7D840095E401 /* Aliases.swift in Sources */ = {isa = PBXBuildFile; fileRef = 181E42D0221C7D840095E401 /* Aliases.swift */; };
		181E42D3221C7ED10095E401 /* FetchMoviesService.swift in Sources */ = {isa = PBXBuildFile; fileRef = 181E42D2221C7ED10095E401 /* FetchMoviesService.swift */; };
		181E42D5221C80760095E401 /* NetworkManager.swift in Sources */ = {isa = PBXBuildFile; fileRef = 181E42D4221C80760095E401 /* NetworkManager.swift */; };
		181E42D7221C8D290095E401 /* BaseRequest.swift in Sources */ = {isa = PBXBuildFile; fileRef = 181E42D6221C8D290095E401 /* BaseRequest.swift */; };
		181E42D9221DBBFA0095E401 /* ResponseModels.swift in Sources */ = {isa = PBXBuildFile; fileRef = 181E42D8221DBBFA0095E401 /* ResponseModels.swift */; };
/* End PBXBuildFile section */

/* Begin PBXFileReference section */
		181E42AA221C68000095E401 /* MoviesDB.app */ = {isa = PBXFileReference; explicitFileType = wrapper.application; includeInIndex = 0; path = MoviesDB.app; sourceTree = BUILT_PRODUCTS_DIR; };
		181E42AD221C68000095E401 /* AppDelegate.swift */ = {isa = PBXFileReference; lastKnownFileType = sourcecode.swift; path = AppDelegate.swift; sourceTree = "<group>"; };
		181E42AF221C68000095E401 /* ViewController.swift */ = {isa = PBXFileReference; lastKnownFileType = sourcecode.swift; path = ViewController.swift; sourceTree = "<group>"; };
		181E42B2221C68000095E401 /* Base */ = {isa = PBXFileReference; lastKnownFileType = file.storyboard; name = Base; path = Base.lproj/Main.storyboard; sourceTree = "<group>"; };
		181E42B4221C68020095E401 /* Assets.xcassets */ = {isa = PBXFileReference; lastKnownFileType = folder.assetcatalog; path = Assets.xcassets; sourceTree = "<group>"; };
		181E42B7221C68020095E401 /* Base */ = {isa = PBXFileReference; lastKnownFileType = file.storyboard; name = Base; path = Base.lproj/LaunchScreen.storyboard; sourceTree = "<group>"; };
		181E42B9221C68020095E401 /* Info.plist */ = {isa = PBXFileReference; lastKnownFileType = text.plist.xml; path = Info.plist; sourceTree = "<group>"; };
		181E42BF221C6B1B0095E401 /* BaseService.swift */ = {isa = PBXFileReference; lastKnownFileType = sourcecode.swift; path = BaseService.swift; sourceTree = "<group>"; };
		181E42C2221C6E180095E401 /* Result.swift */ = {isa = PBXFileReference; lastKnownFileType = sourcecode.swift; path = Result.swift; sourceTree = "<group>"; };
		181E42C4221C6F490095E401 /* RequestProtocol.swift */ = {isa = PBXFileReference; lastKnownFileType = sourcecode.swift; path = RequestProtocol.swift; sourceTree = "<group>"; };
		181E42C6221C709B0095E401 /* BaseModel.swift */ = {isa = PBXFileReference; lastKnownFileType = sourcecode.swift; path = BaseModel.swift; sourceTree = "<group>"; };
		181E42C9221C71550095E401 /* Urls.swift */ = {isa = PBXFileReference; lastKnownFileType = sourcecode.swift; path = Urls.swift; sourceTree = "<group>"; };
		181E42CC221C74600095E401 /* BaseError.swift */ = {isa = PBXFileReference; lastKnownFileType = sourcecode.swift; path = BaseError.swift; sourceTree = "<group>"; };
		181E42D0221C7D840095E401 /* Aliases.swift */ = {isa = PBXFileReference; lastKnownFileType = sourcecode.swift; path = Aliases.swift; sourceTree = "<group>"; };
		181E42D2221C7ED10095E401 /* FetchMoviesService.swift */ = {isa = PBXFileReference; lastKnownFileType = sourcecode.swift; path = FetchMoviesService.swift; sourceTree = "<group>"; };
		181E42D4221C80760095E401 /* NetworkManager.swift */ = {isa = PBXFileReference; lastKnownFileType = sourcecode.swift; path = NetworkManager.swift; sourceTree = "<group>"; };
		181E42D6221C8D290095E401 /* BaseRequest.swift */ = {isa = PBXFileReference; lastKnownFileType = sourcecode.swift; path = BaseRequest.swift; sourceTree = "<group>"; };
		181E42D8221DBBFA0095E401 /* ResponseModels.swift */ = {isa = PBXFileReference; lastKnownFileType = sourcecode.swift; path = ResponseModels.swift; sourceTree = "<group>"; };
/* End PBXFileReference section */

/* Begin PBXFrameworksBuildPhase section */
		181E42A7221C68000095E401 /* Frameworks */ = {
			isa = PBXFrameworksBuildPhase;
			buildActionMask = 2147483647;
			files = (
			);
			runOnlyForDeploymentPostprocessing = 0;
		};
/* End PBXFrameworksBuildPhase section */

/* Begin PBXGroup section */
		181E42A1221C68000095E401 = {
			isa = PBXGroup;
			children = (
				181E42AC221C68000095E401 /* MoviesDB */,
				181E42AB221C68000095E401 /* Products */,
			);
			sourceTree = "<group>";
		};
		181E42AB221C68000095E401 /* Products */ = {
			isa = PBXGroup;
			children = (
				181E42AA221C68000095E401 /* MoviesDB.app */,
			);
			name = Products;
			sourceTree = "<group>";
		};
		181E42AC221C68000095E401 /* MoviesDB */ = {
			isa = PBXGroup;
			children = (
				181E42AD221C68000095E401 /* AppDelegate.swift */,
				181E42AF221C68000095E401 /* ViewController.swift */,
				181E42B1221C68000095E401 /* Main.storyboard */,
				181E42D2221C7ED10095E401 /* FetchMoviesService.swift */,
				181E42D8221DBBFA0095E401 /* ResponseModels.swift */,
				181E42CB221C72120095E401 /* Constant */,
				181E42C1221C6B240095E401 /* Networking */,
				181E42B4221C68020095E401 /* Assets.xcassets */,
				181E42B6221C68020095E401 /* LaunchScreen.storyboard */,
				181E42B9221C68020095E401 /* Info.plist */,
			);
			path = MoviesDB;
			sourceTree = "<group>";
		};
		181E42C1221C6B240095E401 /* Networking */ = {
			isa = PBXGroup;
			children = (
				181E42C8221C71370095E401 /* Base */,
				181E42C4221C6F490095E401 /* RequestProtocol.swift */,
				181E42D4221C80760095E401 /* NetworkManager.swift */,
				181E42C2221C6E180095E401 /* Result.swift */,
				181E42D0221C7D840095E401 /* Aliases.swift */,
			);
			path = Networking;
			sourceTree = "<group>";
		};
		181E42C8221C71370095E401 /* Base */ = {
			isa = PBXGroup;
			children = (
				181E42C6221C709B0095E401 /* BaseModel.swift */,
				181E42CC221C74600095E401 /* BaseError.swift */,
				181E42BF221C6B1B0095E401 /* BaseService.swift */,
				181E42D6221C8D290095E401 /* BaseRequest.swift */,
			);
			path = Base;
			sourceTree = "<group>";
		};
		181E42CB221C72120095E401 /* Constant */ = {
			isa = PBXGroup;
			children = (
				181E42C9221C71550095E401 /* Urls.swift */,
			);
			path = Constant;
			sourceTree = "<group>";
		};
/* End PBXGroup section */

/* Begin PBXNativeTarget section */
		181E42A9221C68000095E401 /* MoviesDB */ = {
			isa = PBXNativeTarget;
			buildConfigurationList = 181E42BC221C68020095E401 /* Build configuration list for PBXNativeTarget "MoviesDB" */;
			buildPhases = (
				181E42A6221C68000095E401 /* Sources */,
				181E42A7221C68000095E401 /* Frameworks */,
				181E42A8221C68000095E401 /* Resources */,
			);
			buildRules = (
			);
			dependencies = (
			);
			name = MoviesDB;
			productName = MoviesDB;
			productReference = 181E42AA221C68000095E401 /* MoviesDB.app */;
			productType = "com.apple.product-type.application";
		};
/* End PBXNativeTarget section */

/* Begin PBXProject section */
		181E42A2221C68000095E401 /* Project object */ = {
			isa = PBXProject;
			attributes = {
				LastSwiftUpdateCheck = 1010;
				LastUpgradeCheck = 1010;
				TargetAttributes = {
					181E42A9221C68000095E401 = {
						CreatedOnToolsVersion = 10.1;
					};
				};
			};
			buildConfigurationList = 181E42A5221C68000095E401 /* Build configuration list for PBXProject "MoviesDB" */;
			compatibilityVersion = "Xcode 9.3";
			developmentRegion = en;
			hasScannedForEncodings = 0;
			knownRegions = (
				en,
				Base,
			);
			mainGroup = 181E42A1221C68000095E401;
			productRefGroup = 181E42AB221C68000095E401 /* Products */;
			projectDirPath = "";
			projectRoot = "";
			targets = (
				181E42A9221C68000095E401 /* MoviesDB */,
			);
		};
/* End PBXProject section */

/* Begin PBXResourcesBuildPhase section */
		181E42A8221C68000095E401 /* Resources */ = {
			isa = PBXResourcesBuildPhase;
			buildActionMask = 2147483647;
			files = (
				181E42B8221C68020095E401 /* LaunchScreen.storyboard in Resources */,
				181E42B5221C68020095E401 /* Assets.xcassets in Resources */,
				181E42B3221C68000095E401 /* Main.storyboard in Resources */,
			);
			runOnlyForDeploymentPostprocessing = 0;
		};
/* End PBXResourcesBuildPhase section */

/* Begin PBXSourcesBuildPhase section */
		181E42A6221C68000095E401 /* Sources */ = {
			isa = PBXSourcesBuildPhase;
			buildActionMask = 2147483647;
			files = (
				181E42D1221C7D840095E401 /* Aliases.swift in Sources */,
				181E42C7221C709B0095E401 /* BaseModel.swift in Sources */,
				181E42D3221C7ED10095E401 /* FetchMoviesService.swift in Sources */,
				181E42C0221C6B1B0095E401 /* BaseService.swift in Sources */,
				181E42B0221C68000095E401 /* ViewController.swift in Sources */,
				181E42C3221C6E180095E401 /* Result.swift in Sources */,
				181E42CA221C71550095E401 /* Urls.swift in Sources */,
				181E42AE221C68000095E401 /* AppDelegate.swift in Sources */,
				181E42D9221DBBFA0095E401 /* ResponseModels.swift in Sources */,
				181E42D7221C8D290095E401 /* BaseRequest.swift in Sources */,
				181E42C5221C6F490095E401 /* RequestProtocol.swift in Sources */,
				181E42D5221C80760095E401 /* NetworkManager.swift in Sources */,
				181E42CD221C74600095E401 /* BaseError.swift in Sources */,
			);
			runOnlyForDeploymentPostprocessing = 0;
		};
/* End PBXSourcesBuildPhase section */

/* Begin PBXVariantGroup section */
		181E42B1221C68000095E401 /* Main.storyboard */ = {
			isa = PBXVariantGroup;
			children = (
				181E42B2221C68000095E401 /* Base */,
			);
			name = Main.storyboard;
			sourceTree = "<group>";
		};
		181E42B6221C68020095E401 /* LaunchScreen.storyboard */ = {
			isa = PBXVariantGroup;
			children = (
				181E42B7221C68020095E401 /* Base */,
			);
			name = LaunchScreen.storyboard;
			sourceTree = "<group>";
		};
/* End PBXVariantGroup section */

/* Begin XCBuildConfiguration section */
		181E42BA221C68020095E401 /* Debug */ = {
			isa = XCBuildConfiguration;
			buildSettings = {
				ALWAYS_SEARCH_USER_PATHS = NO;
				CLANG_ANALYZER_NONNULL = YES;
				CLANG_ANALYZER_NUMBER_OBJECT_CONVERSION = YES_AGGRESSIVE;
				CLANG_CXX_LANGUAGE_STANDARD = "gnu++14";
				CLANG_CXX_LIBRARY = "libc++";
				CLANG_ENABLE_MODULES = YES;
				CLANG_ENABLE_OBJC_ARC = YES;
				CLANG_ENABLE_OBJC_WEAK = YES;
				CLANG_WARN_BLOCK_CAPTURE_AUTORELEASING = YES;
				CLANG_WARN_BOOL_CONVERSION = YES;
				CLANG_WARN_COMMA = YES;
				CLANG_WARN_CONSTANT_CONVERSION = YES;
				CLANG_WARN_DEPRECATED_OBJC_IMPLEMENTATIONS = YES;
				CLANG_WARN_DIRECT_OBJC_ISA_USAGE = YES_ERROR;
				CLANG_WARN_DOCUMENTATION_COMMENTS = YES;
				CLANG_WARN_EMPTY_BODY = YES;
				CLANG_WARN_ENUM_CONVERSION = YES;
				CLANG_WARN_INFINITE_RECURSION = YES;
				CLANG_WARN_INT_CONVERSION = YES;
				CLANG_WARN_NON_LITERAL_NULL_CONVERSION = YES;
				CLANG_WARN_OBJC_IMPLICIT_RETAIN_SELF = YES;
				CLANG_WARN_OBJC_LITERAL_CONVERSION = YES;
				CLANG_WARN_OBJC_ROOT_CLASS = YES_ERROR;
				CLANG_WARN_RANGE_LOOP_ANALYSIS = YES;
				CLANG_WARN_STRICT_PROTOTYPES = YES;
				CLANG_WARN_SUSPICIOUS_MOVE = YES;
				CLANG_WARN_UNGUARDED_AVAILABILITY = YES_AGGRESSIVE;
				CLANG_WARN_UNREACHABLE_CODE = YES;
				CLANG_WARN__DUPLICATE_METHOD_MATCH = YES;
				CODE_SIGN_IDENTITY = "iPhone Developer";
				COPY_PHASE_STRIP = NO;
				DEBUG_INFORMATION_FORMAT = dwarf;
				ENABLE_STRICT_OBJC_MSGSEND = YES;
				ENABLE_TESTABILITY = YES;
				GCC_C_LANGUAGE_STANDARD = gnu11;
				GCC_DYNAMIC_NO_PIC = NO;
				GCC_NO_COMMON_BLOCKS = YES;
				GCC_OPTIMIZATION_LEVEL = 0;
				GCC_PREPROCESSOR_DEFINITIONS = (
					"DEBUG=1",
					"$(inherited)",
				);
				GCC_WARN_64_TO_32_BIT_CONVERSION = YES;
				GCC_WARN_ABOUT_RETURN_TYPE = YES_ERROR;
				GCC_WARN_UNDECLARED_SELECTOR = YES;
				GCC_WARN_UNINITIALIZED_AUTOS = YES_AGGRESSIVE;
				GCC_WARN_UNUSED_FUNCTION = YES;
				GCC_WARN_UNUSED_VARIABLE = YES;
				IPHONEOS_DEPLOYMENT_TARGET = 12.1;
				MTL_ENABLE_DEBUG_INFO = INCLUDE_SOURCE;
				MTL_FAST_MATH = YES;
				ONLY_ACTIVE_ARCH = YES;
				SDKROOT = iphoneos;
				SWIFT_ACTIVE_COMPILATION_CONDITIONS = DEBUG;
				SWIFT_OPTIMIZATION_LEVEL = "-Onone";
			};
			name = Debug;
		};
		181E42BB221C68020095E401 /* Release */ = {
			isa = XCBuildConfiguration;
			buildSettings = {
				ALWAYS_SEARCH_USER_PATHS = NO;
				CLANG_ANALYZER_NONNULL = YES;
				CLANG_ANALYZER_NUMBER_OBJECT_CONVERSION = YES_AGGRESSIVE;
				CLANG_CXX_LANGUAGE_STANDARD = "gnu++14";
				CLANG_CXX_LIBRARY = "libc++";
				CLANG_ENABLE_MODULES = YES;
				CLANG_ENABLE_OBJC_ARC = YES;
				CLANG_ENABLE_OBJC_WEAK = YES;
				CLANG_WARN_BLOCK_CAPTURE_AUTORELEASING = YES;
				CLANG_WARN_BOOL_CONVERSION = YES;
				CLANG_WARN_COMMA = YES;
				CLANG_WARN_CONSTANT_CONVERSION = YES;
				CLANG_WARN_DEPRECATED_OBJC_IMPLEMENTATIONS = YES;
				CLANG_WARN_DIRECT_OBJC_ISA_USAGE = YES_ERROR;
				CLANG_WARN_DOCUMENTATION_COMMENTS = YES;
				CLANG_WARN_EMPTY_BODY = YES;
				CLANG_WARN_ENUM_CONVERSION = YES;
				CLANG_WARN_INFINITE_RECURSION = YES;
				CLANG_WARN_INT_CONVERSION = YES;
				CLANG_WARN_NON_LITERAL_NULL_CONVERSION = YES;
				CLANG_WARN_OBJC_IMPLICIT_RETAIN_SELF = YES;
				CLANG_WARN_OBJC_LITERAL_CONVERSION = YES;
				CLANG_WARN_OBJC_ROOT_CLASS = YES_ERROR;
				CLANG_WARN_RANGE_LOOP_ANALYSIS = YES;
				CLANG_WARN_STRICT_PROTOTYPES = YES;
				CLANG_WARN_SUSPICIOUS_MOVE = YES;
				CLANG_WARN_UNGUARDED_AVAILABILITY = YES_AGGRESSIVE;
				CLANG_WARN_UNREACHABLE_CODE = YES;
				CLANG_WARN__DUPLICATE_METHOD_MATCH = YES;
				CODE_SIGN_IDENTITY = "iPhone Developer";
				COPY_PHASE_STRIP = NO;
				DEBUG_INFORMATION_FORMAT = "dwarf-with-dsym";
				ENABLE_NS_ASSERTIONS = NO;
				ENABLE_STRICT_OBJC_MSGSEND = YES;
				GCC_C_LANGUAGE_STANDARD = gnu11;
				GCC_NO_COMMON_BLOCKS = YES;
				GCC_WARN_64_TO_32_BIT_CONVERSION = YES;
				GCC_WARN_ABOUT_RETURN_TYPE = YES_ERROR;
				GCC_WARN_UNDECLARED_SELECTOR = YES;
				GCC_WARN_UNINITIALIZED_AUTOS = YES_AGGRESSIVE;
				GCC_WARN_UNUSED_FUNCTION = YES;
				GCC_WARN_UNUSED_VARIABLE = YES;
				IPHONEOS_DEPLOYMENT_TARGET = 12.1;
				MTL_ENABLE_DEBUG_INFO = NO;
				MTL_FAST_MATH = YES;
				SDKROOT = iphoneos;
				SWIFT_COMPILATION_MODE = wholemodule;
				SWIFT_OPTIMIZATION_LEVEL = "-O";
				VALIDATE_PRODUCT = YES;
			};
			name = Release;
		};
		181E42BD221C68020095E401 /* Debug */ = {
			isa = XCBuildConfiguration;
			buildSettings = {
				ASSETCATALOG_COMPILER_APPICON_NAME = AppIcon;
				CODE_SIGN_STYLE = Automatic;
				INFOPLIST_FILE = MoviesDB/Info.plist;
				LD_RUNPATH_SEARCH_PATHS = (
					"$(inherited)",
					"@executable_path/Frameworks",
				);
				PRODUCT_BUNDLE_IDENTIFIER = Instabug.MoviesDB;
				PRODUCT_NAME = "$(TARGET_NAME)";
				SWIFT_VERSION = 4.2;
				TARGETED_DEVICE_FAMILY = "1,2";
			};
			name = Debug;
		};
		181E42BE221C68020095E401 /* Release */ = {
			isa = XCBuildConfiguration;
			buildSettings = {
				ASSETCATALOG_COMPILER_APPICON_NAME = AppIcon;
				CODE_SIGN_STYLE = Automatic;
				INFOPLIST_FILE = MoviesDB/Info.plist;
				LD_RUNPATH_SEARCH_PATHS = (
					"$(inherited)",
					"@executable_path/Frameworks",
				);
				PRODUCT_BUNDLE_IDENTIFIER = Instabug.MoviesDB;
				PRODUCT_NAME = "$(TARGET_NAME)";
				SWIFT_VERSION = 4.2;
				TARGETED_DEVICE_FAMILY = "1,2";
			};
			name = Release;
		};
/* End XCBuildConfiguration section */

/* Begin XCConfigurationList section */
		181E42A5221C68000095E401 /* Build configuration list for PBXProject "MoviesDB" */ = {
			isa = XCConfigurationList;
			buildConfigurations = (
				181E42BA221C68020095E401 /* Debug */,
				181E42BB221C68020095E401 /* Release */,
			);
			defaultConfigurationIsVisible = 0;
			defaultConfigurationName = Release;
		};
		181E42BC221C68020095E401 /* Build configuration list for PBXNativeTarget "MoviesDB" */ = {
			isa = XCConfigurationList;
			buildConfigurations = (
				181E42BD221C68020095E401 /* Debug */,
				181E42BE221C68020095E401 /* Release */,
			);
			defaultConfigurationIsVisible = 0;
			defaultConfigurationName = Release;
		};
/* End XCConfigurationList section */
	};
	rootObject = 181E42A2221C68000095E401 /* Project object */;
}
